
Microsoft Visual Studio Solution File, Format Version 12.00
# Visual Studio 2015
Project("{FAE04EC0-301F-11D3-BF4B-00C04F79EFBC}") = "Simple Ball Game.CSharp", "Simple Ball Game.CSharp.csproj", "{D520E1B4-5A09-9732-03F8-3E797AEFC0CC}"
EndProject
Global
	GlobalSection(SolutionConfigurationPlatforms) = preSolution
		Debug|Any CPU = Debug|Any CPU
		Release|Any CPU = Release|Any CPU
	EndGlobalSection
	GlobalSection(ProjectConfigurationPlatforms) = postSolution
		{D520E1B4-5A09-9732-03F8-3E797AEFC0CC}.Debug|Any CPU.ActiveCfg = Debug|Any CPU
		{D520E1B4-5A09-9732-03F8-3E797AEFC0CC}.Debug|Any CPU.Build.0 = Debug|Any CPU
		{D520E1B4-5A09-9732-03F8-3E797AEFC0CC}.Release|Any CPU.ActiveCfg = Release|Any CPU
		{D520E1B4-5A09-9732-03F8-3E797AEFC0CC}.Release|Any CPU.Build.0 = Release|Any CPU
	EndGlobalSection
	GlobalSection(SolutionProperties) = preSolution
		HideSolutionNode = FALSE
	EndGlobalSection
EndGlobal
